
Microsoft Visual Studio Solution File, Format Version 12.00
# Visual Studio Version 17
VisualStudioVersion = 17.8.34511.84
MinimumVisualStudioVersion = 10.0.40219.1
Project("{8BC9CEB8-8B4A-11D0-8D11-00A0C91BC942}") = "UnofficialJackSDK_v100", "UnofficialJackSDK_v100.vcxproj", "{70BC11AF-E13C-4135-8460-7783BBA1E785}"
EndProject
Global
	GlobalSection(SolutionConfigurationPlatforms) = preSolution
		Debug|x64 = Debug|x64
		Release|x64 = Release|x64
	EndGlobalSection
	GlobalSection(ProjectConfigurationPlatforms) = postSolution
		{70BC11AF-E13C-4135-8460-7783BBA1E785}.Debug|x64.ActiveCfg = Debug|x64
		{70BC11AF-E13C-4135-8460-7783BBA1E785}.Debug|x64.Build.0 = Debug|x64
		{70BC11AF-E13C-4135-8460-7783BBA1E785}.Release|x64.ActiveCfg = Release|x64
		{70BC11AF-E13C-4135-8460-7783BBA1E785}.Release|x64.Build.0 = Release|x64
	EndGlobalSection
	GlobalSection(SolutionProperties) = preSolution
		HideSolutionNode = FALSE
	EndGlobalSection
	GlobalSection(ExtensibilityGlobals) = postSolution
		SolutionGuid = {92422244-8B63-4215-8511-40B49C4C9C36}
	EndGlobalSection
EndGlobal
